
Microsoft Visual Studio Solution File, Format Version 12.00
# Visual Studio Version 16
VisualStudioVersion = 16.0.31829.152
MinimumVisualStudioVersion = 10.0.40219.1
Project("{FAE04EC0-301F-11D3-BF4B-00C04F79EFBC}") = "Entities", "Entities\Entities.csproj", "{5F38B391-1CF9-4F70-9A77-AE7F0D6C95E3}"
EndProject
Project("{FAE04EC0-301F-11D3-BF4B-00C04F79EFBC}") = "DataAccess", "DataAccess\DataAccess.csproj", "{E6C5A45C-52D7-45C3-8CC4-024DA68E973B}"
EndProject
Project("{FAE04EC0-301F-11D3-BF4B-00C04F79EFBC}") = "Business", "Business\Business.csproj", "{4422026B-7D3C-4A51-A236-7B79FD29C503}"
EndProject
Project("{FAE04EC0-301F-11D3-BF4B-00C04F79EFBC}") = "Core", "Core\Core.csproj", "{2B77DC2C-9038-4088-94F9-060B1F6E186D}"
EndProject
Project("{FAE04EC0-301F-11D3-BF4B-00C04F79EFBC}") = "WebAPI", "WebAbi\WebAPI.csproj", "{0B3DA03B-2B4E-42CB-8F30-23411B5C6B20}"
EndProject
Global
	GlobalSection(SolutionConfigurationPlatforms) = preSolution
		Debug|Any CPU = Debug|Any CPU
		Release|Any CPU = Release|Any CPU
	EndGlobalSection
	GlobalSection(ProjectConfigurationPlatforms) = postSolution
		{5F38B391-1CF9-4F70-9A77-AE7F0D6C95E3}.Debug|Any CPU.ActiveCfg = Debug|Any CPU
		{5F38B391-1CF9-4F70-9A77-AE7F0D6C95E3}.Debug|Any CPU.Build.0 = Debug|Any CPU
		{5F38B391-1CF9-4F70-9A77-AE7F0D6C95E3}.Release|Any CPU.ActiveCfg = Release|Any CPU
		{5F38B391-1CF9-4F70-9A77-AE7F0D6C95E3}.Release|Any CPU.Build.0 = Release|Any CPU
		{E6C5A45C-52D7-45C3-8CC4-024DA68E973B}.Debug|Any CPU.ActiveCfg = Debug|Any CPU
		{E6C5A45C-52D7-45C3-8CC4-024DA68E973B}.Debug|Any CPU.Build.0 = Debug|Any CPU
		{E6C5A45C-52D7-45C3-8CC4-024DA68E973B}.Release|Any CPU.ActiveCfg = Release|Any CPU
		{E6C5A45C-52D7-45C3-8CC4-024DA68E973B}.Release|Any CPU.Build.0 = Release|Any CPU
		{4422026B-7D3C-4A51-A236-7B79FD29C503}.Debug|Any CPU.ActiveCfg = Debug|Any CPU
		{4422026B-7D3C-4A51-A236-7B79FD29C503}.Debug|Any CPU.Build.0 = Debug|Any CPU
		{4422026B-7D3C-4A51-A236-7B79FD29C503}.Release|Any CPU.ActiveCfg = Release|Any CPU
		{4422026B-7D3C-4A51-A236-7B79FD29C503}.Release|Any CPU.Build.0 = Release|Any CPU
		{2B77DC2C-9038-4088-94F9-060B1F6E186D}.Debug|Any CPU.ActiveCfg = Debug|Any CPU
		{2B77DC2C-9038-4088-94F9-060B1F6E186D}.Debug|Any CPU.Build.0 = Debug|Any CPU
		{2B77DC2C-9038-4088-94F9-060B1F6E186D}.Release|Any CPU.ActiveCfg = Release|Any CPU
		{2B77DC2C-9038-4088-94F9-060B1F6E186D}.Release|Any CPU.Build.0 = Release|Any CPU
		{0B3DA03B-2B4E-42CB-8F30-23411B5C6B20}.Debug|Any CPU.ActiveCfg = Debug|Any CPU
		{0B3DA03B-2B4E-42CB-8F30-23411B5C6B20}.Debug|Any CPU.Build.0 = Debug|Any CPU
		{0B3DA03B-2B4E-42CB-8F30-23411B5C6B20}.Release|Any CPU.ActiveCfg = Release|Any CPU
		{0B3DA03B-2B4E-42CB-8F30-23411B5C6B20}.Release|Any CPU.Build.0 = Release|Any CPU
	EndGlobalSection
	GlobalSection(SolutionProperties) = preSolution
		HideSolutionNode = FALSE
	EndGlobalSection
	GlobalSection(ExtensibilityGlobals) = postSolution
		SolutionGuid = {C8E00A65-094E-489E-A8E7-0199C7B91FF0}
	EndGlobalSection
EndGlobal
